
Microsoft Visual Studio Solution File, Format Version 12.00
# Visual Studio Version 17
VisualStudioVersion = 17.7.34024.191
MinimumVisualStudioVersion = 10.0.40219.1
Project("{FAE04EC0-301F-11D3-BF4B-00C04F79EFBC}") = "QLNhaTroAPI", "QLNhaTroAPI\QLNhaTroAPI.csproj", "{134C4891-D9F4-48AD-9735-036DC4EBE83B}"
EndProject
Global
	GlobalSection(SolutionConfigurationPlatforms) = preSolution
		Debug|Any CPU = Debug|Any CPU
		Release|Any CPU = Release|Any CPU
	EndGlobalSection
	GlobalSection(ProjectConfigurationPlatforms) = postSolution
		{134C4891-D9F4-48AD-9735-036DC4EBE83B}.Debug|Any CPU.ActiveCfg = Debug|Any CPU
		{134C4891-D9F4-48AD-9735-036DC4EBE83B}.Debug|Any CPU.Build.0 = Debug|Any CPU
		{134C4891-D9F4-48AD-9735-036DC4EBE83B}.Release|Any CPU.ActiveCfg = Release|Any CPU
		{134C4891-D9F4-48AD-9735-036DC4EBE83B}.Release|Any CPU.Build.0 = Release|Any CPU
	EndGlobalSection
	GlobalSection(SolutionProperties) = preSolution
		HideSolutionNode = FALSE
	EndGlobalSection
	GlobalSection(ExtensibilityGlobals) = postSolution
		SolutionGuid = {22AD44A7-A5B4-4147-ACEF-D67619BD458F}
	EndGlobalSection
EndGlobal
